PODS:
  - FJCommon (0.1.0)

DEPENDENCIES:
  - FJCommon (from `/Users/xiongwei/.cocoapods/repos/FJCommon`)

EXTERNAL SOURCES:
  FJCommon:
    :path: "/Users/xiongwei/.cocoapods/repos/FJCommon"

SPEC CHECKSUMS:
  FJCommon: f33c01e85ef256b46cbc557ccb97d749bacae5f5

PODFILE CHECKSUM: 244b442a6b8e83b2f29c6a52c4dd27d16737e44a

COCOAPODS: 1.5.0
